// !$*UTF8*$!
{
	archiveVersion = 1;
	classes = {
	};
	objectVersion = 46;
	objects = {

/* Begin PBXBuildFile section */
		924D98321DDFB8C800944B9C /* AppDelegate.swift in Sources */ = {isa = PBXBuildFile; fileRef = 924D98311DDFB8C800944B9C /* AppDelegate.swift */; };
		924D98341DDFB8C800944B9C /* ViewController.swift in Sources */ = {isa = PBXBuildFile; fileRef = 924D98331DDFB8C800944B9C /* ViewController.swift */; };
		924D98371DDFB8C800944B9C /* Main.storyboard in Resources */ = {isa = PBXBuildFile; fileRef = 924D98351DDFB8C800944B9C /* Main.storyboard */; };
		924D98391DDFB8C800944B9C /* Assets.xcassets in Resources */ = {isa = PBXBuildFile; fileRef = 924D98381DDFB8C800944B9C /* Assets.xcassets */; };
		924D983C1DDFB8C800944B9C /* LaunchScreen.storyboard in Resources */ = {isa = PBXBuildFile; fileRef = 924D983A1DDFB8C800944B9C /* LaunchScreen.storyboard */; };
		924D98471DDFB8C800944B9C /* Meme_Me_V1_0Tests.swift in Sources */ = {isa = PBXBuildFile; fileRef = 924D98461DDFB8C800944B9C /* Meme_Me_V1_0Tests.swift */; };
		924D98521DDFB8C800944B9C /* Meme_Me_V1_0UITests.swift in Sources */ = {isa = PBXBuildFile; fileRef = 924D98511DDFB8C800944B9C /* Meme_Me_V1_0UITests.swift */; };
		924D98611DE20EB400944B9C /* TextFieldDelegateClasses.swift in Sources */ = {isa = PBXBuildFile; fileRef = 924D98601DE20EB400944B9C /* TextFieldDelegateClasses.swift */; };
		928756671DF46EC000EA1023 /* MemeModel.swift in Sources */ = {isa = PBXBuildFile; fileRef = 928756661DF46EC000EA1023 /* MemeModel.swift */; };
		929D0A251E21684000AD4060 /* MemeCollectionViewController.swift in Sources */ = {isa = PBXBuildFile; fileRef = 929D0A241E21684000AD4060 /* MemeCollectionViewController.swift */; };
		929D0A271E2173F400AD4060 /* MemeTableViewController.swift in Sources */ = {isa = PBXBuildFile; fileRef = 929D0A261E2173F400AD4060 /* MemeTableViewController.swift */; };
		929D0A2D1E25AF7000AD4060 /* MemeCollectionViewCell.swift in Sources */ = {isa = PBXBuildFile; fileRef = 929D0A2C1E25AF7000AD4060 /* MemeCollectionViewCell.swift */; };
/* End PBXBuildFile section */

/* Begin PBXContainerItemProxy section */
		924D98431DDFB8C800944B9C /* PBXContainerItemProxy */ = {
			isa = PBXContainerItemProxy;
			containerPortal = 924D98261DDFB8C700944B9C /* Project object */;
			proxyType = 1;
			remoteGlobalIDString = 924D982D1DDFB8C700944B9C;
			remoteInfo = "Meme Me V1.0";
		};
		924D984E1DDFB8C800944B9C /* PBXContainerItemProxy */ = {
			isa = PBXContainerItemProxy;
			containerPortal = 924D98261DDFB8C700944B9C /* Project object */;
			proxyType = 1;
			remoteGlobalIDString = 924D982D1DDFB8C700944B9C;
			remoteInfo = "Meme Me V1.0";
		};
/* End PBXContainerItemProxy section */

/* Begin PBXFileReference section */
		924D982E1DDFB8C800944B9C /* Meme Me V1.0.app */ = {isa = PBXFileReference; explicitFileType = wrapper.application; includeInIndex = 0; path = "Meme Me V1.0.app"; sourceTree = BUILT_PRODUCTS_DIR; };
		924D98311DDFB8C800944B9C /* AppDelegate.swift */ = {isa = PBXFileReference; lastKnownFileType = sourcecode.swift; path = AppDelegate.swift; sourceTree = "<group>"; };
		924D98331DDFB8C800944B9C /* ViewController.swift */ = {isa = PBXFileReference; lastKnownFileType = sourcecode.swift; path = ViewController.swift; sourceTree = "<group>"; };
		924D98361DDFB8C800944B9C /* Base */ = {isa = PBXFileReference; lastKnownFileType = file.storyboard; name = Base; path = Base.lproj/Main.storyboard; sourceTree = "<group>"; };
		924D98381DDFB8C800944B9C /* Assets.xcassets */ = {isa = PBXFileReference; lastKnownFileType = folder.assetcatalog; path = Assets.xcassets; sourceTree = "<group>"; };
		924D983B1DDFB8C800944B9C /* Base */ = {isa = PBXFileReference; lastKnownFileType = file.storyboard; name = Base; path = Base.lproj/LaunchScreen.storyboard; sourceTree = "<group>"; };
		924D983D1DDFB8C800944B9C /* Info.plist */ = {isa = PBXFileReference; lastKnownFileType = text.plist.xml; path = Info.plist; sourceTree = "<group>"; };
		924D98421DDFB8C800944B9C /* Meme Me V1.0Tests.xctest */ = {isa = PBXFileReference; explicitFileType = wrapper.cfbundle; includeInIndex = 0; path = "Meme Me V1.0Tests.xctest"; sourceTree = BUILT_PRODUCTS_DIR; };
		924D98461DDFB8C800944B9C /* Meme_Me_V1_0Tests.swift */ = {isa = PBXFileReference; lastKnownFileType = sourcecode.swift; path = Meme_Me_V1_0Tests.swift; sourceTree = "<group>"; };
		924D98481DDFB8C800944B9C /* Info.plist */ = {isa = PBXFileReference; lastKnownFileType = text.plist.xml; path = Info.plist; sourceTree = "<group>"; };
		924D984D1DDFB8C800944B9C /* Meme Me V1.0UITests.xctest */ = {isa = PBXFileReference; explicitFileType = wrapper.cfbundle; includeInIndex = 0; path = "Meme Me V1.0UITests.xctest"; sourceTree = BUILT_PRODUCTS_DIR; };
		924D98511DDFB8C800944B9C /* Meme_Me_V1_0UITests.swift */ = {isa = PBXFileReference; lastKnownFileType = sourcecode.swift; path = Meme_Me_V1_0UITests.swift; sourceTree = "<group>"; };
		924D98531DDFB8C800944B9C /* Info.plist */ = {isa = PBXFileReference; lastKnownFileType = text.plist.xml; path = Info.plist; sourceTree = "<group>"; };
		924D98601DE20EB400944B9C /* TextFieldDelegateClasses.swift */ = {isa = PBXFileReference; fileEncoding = 4; lastKnownFileType = sourcecode.swift; path = TextFieldDelegateClasses.swift; sourceTree = "<group>"; };
		928756661DF46EC000EA1023 /* MemeModel.swift */ = {isa = PBXFileReference; fileEncoding = 4; lastKnownFileType = sourcecode.swift; path = MemeModel.swift; sourceTree = "<group>"; };
		929D0A241E21684000AD4060 /* MemeCollectionViewController.swift */ = {isa = PBXFileReference; fileEncoding = 4; lastKnownFileType = sourcecode.swift; name = MemeCollectionViewController.swift; path = ../MemeCollectionViewController.swift; sourceTree = "<group>"; };
		929D0A261E2173F400AD4060 /* MemeTableViewController.swift */ = {isa = PBXFileReference; fileEncoding = 4; lastKnownFileType = sourcecode.swift; path = MemeTableViewController.swift; sourceTree = "<group>"; };
		929D0A2C1E25AF7000AD4060 /* MemeCollectionViewCell.swift */ = {isa = PBXFileReference; fileEncoding = 4; lastKnownFileType = sourcecode.swift; name = MemeCollectionViewCell.swift; path = ../MemeCollectionViewCell.swift; sourceTree = "<group>"; };
/* End PBXFileReference section */

/* Begin PBXFrameworksBuildPhase section */
		924D982B1DDFB8C700944B9C /* Frameworks */ = {
			isa = PBXFrameworksBuildPhase;
			buildActionMask = 2147483647;
			files = (
			);
			runOnlyForDeploymentPostprocessing = 0;
		};
		924D983F1DDFB8C800944B9C /* Frameworks */ = {
			isa = PBXFrameworksBuildPhase;
			buildActionMask = 2147483647;
			files = (
			);
			runOnlyForDeploymentPostprocessing = 0;
		};
		924D984A1DDFB8C800944B9C /* Frameworks */ = {
			isa = PBXFrameworksBuildPhase;
			buildActionMask = 2147483647;
			files = (
			);
			runOnlyForDeploymentPostprocessing = 0;
		};
/* End PBXFrameworksBuildPhase section */

/* Begin PBXGroup section */
		924D98251DDFB8C700944B9C = {
			isa = PBXGroup;
			children = (
				924D98301DDFB8C800944B9C /* Meme Me V1.0 */,
				924D98451DDFB8C800944B9C /* Meme Me V1.0Tests */,
				924D98501DDFB8C800944B9C /* Meme Me V1.0UITests */,
				924D982F1DDFB8C800944B9C /* Products */,
			);
			sourceTree = "<group>";
		};
		924D982F1DDFB8C800944B9C /* Products */ = {
			isa = PBXGroup;
			children = (
				924D982E1DDFB8C800944B9C /* Meme Me V1.0.app */,
				924D98421DDFB8C800944B9C /* Meme Me V1.0Tests.xctest */,
				924D984D1DDFB8C800944B9C /* Meme Me V1.0UITests.xctest */,
			);
			name = Products;
			sourceTree = "<group>";
		};
		924D98301DDFB8C800944B9C /* Meme Me V1.0 */ = {
			isa = PBXGroup;
			children = (
				924D985F1DE20E7500944B9C /* UITextFieldDelegateClasses */,
				924D98311DDFB8C800944B9C /* AppDelegate.swift */,
				924D98331DDFB8C800944B9C /* ViewController.swift */,
				929D0A2C1E25AF7000AD4060 /* MemeCollectionViewCell.swift */,
				928756661DF46EC000EA1023 /* MemeModel.swift */,
				929D0A261E2173F400AD4060 /* MemeTableViewController.swift */,
				929D0A241E21684000AD4060 /* MemeCollectionViewController.swift */,
				924D98351DDFB8C800944B9C /* Main.storyboard */,
				924D98381DDFB8C800944B9C /* Assets.xcassets */,
				924D983A1DDFB8C800944B9C /* LaunchScreen.storyboard */,
				924D983D1DDFB8C800944B9C /* Info.plist */,
			);
			path = "Meme Me V1.0";
			sourceTree = "<group>";
		};
		924D98451DDFB8C800944B9C /* Meme Me V1.0Tests */ = {
			isa = PBXGroup;
			children = (
				924D98461DDFB8C800944B9C /* Meme_Me_V1_0Tests.swift */,
				924D98481DDFB8C800944B9C /* Info.plist */,
			);
			path = "Meme Me V1.0Tests";
			sourceTree = "<group>";
		};
		924D98501DDFB8C800944B9C /* Meme Me V1.0UITests */ = {
			isa = PBXGroup;
			children = (
				924D98511DDFB8C800944B9C /* Meme_Me_V1_0UITests.swift */,
				924D98531DDFB8C800944B9C /* Info.plist */,
			);
			path = "Meme Me V1.0UITests";
			sourceTree = "<group>";
		};
		924D985F1DE20E7500944B9C /* UITextFieldDelegateClasses */ = {
			isa = PBXGroup;
			children = (
				924D98601DE20EB400944B9C /* TextFieldDelegateClasses.swift */,
			);
			name = UITextFieldDelegateClasses;
			sourceTree = "<group>";
		};
/* End PBXGroup section */

/* Begin PBXNativeTarget section */
		924D982D1DDFB8C700944B9C /* Meme Me V1.0 */ = {
			isa = PBXNativeTarget;
			buildConfigurationList = 924D98561DDFB8C800944B9C /* Build configuration list for PBXNativeTarget "Meme Me V1.0" */;
			buildPhases = (
				924D982A1DDFB8C700944B9C /* Sources */,
				924D982B1DDFB8C700944B9C /* Frameworks */,
				924D982C1DDFB8C700944B9C /* Resources */,
			);
			buildRules = (
			);
			dependencies = (
			);
			name = "Meme Me V1.0";
			productName = "Meme Me V1.0";
			productReference = 924D982E1DDFB8C800944B9C /* Meme Me V1.0.app */;
			productType = "com.apple.product-type.application";
		};
		924D98411DDFB8C800944B9C /* Meme Me V1.0Tests */ = {
			isa = PBXNativeTarget;
			buildConfigurationList = 924D98591DDFB8C800944B9C /* Build configuration list for PBXNativeTarget "Meme Me V1.0Tests" */;
			buildPhases = (
				924D983E1DDFB8C800944B9C /* Sources */,
				924D983F1DDFB8C800944B9C /* Frameworks */,
				924D98401DDFB8C800944B9C /* Resources */,
			);
			buildRules = (
			);
			dependencies = (
				924D98441DDFB8C800944B9C /* PBXTargetDependency */,
			);
			name = "Meme Me V1.0Tests";
			productName = "Meme Me V1.0Tests";
			productReference = 924D98421DDFB8C800944B9C /* Meme Me V1.0Tests.xctest */;
			productType = "com.apple.product-type.bundle.unit-test";
		};
		924D984C1DDFB8C800944B9C /* Meme Me V1.0UITests */ = {
			isa = PBXNativeTarget;
			buildConfigurationList = 924D985C1DDFB8C800944B9C /* Build configuration list for PBXNativeTarget "Meme Me V1.0UITests" */;
			buildPhases = (
				924D98491DDFB8C800944B9C /* Sources */,
				924D984A1DDFB8C800944B9C /* Frameworks */,
				924D984B1DDFB8C800944B9C /* Resources */,
			);
			buildRules = (
			);
			dependencies = (
				924D984F1DDFB8C800944B9C /* PBXTargetDependency */,
			);
			name = "Meme Me V1.0UITests";
			productName = "Meme Me V1.0UITests";
			productReference = 924D984D1DDFB8C800944B9C /* Meme Me V1.0UITests.xctest */;
			productType = "com.apple.product-type.bundle.ui-testing";
		};
/* End PBXNativeTarget section */

/* Begin PBXProject section */
		924D98261DDFB8C700944B9C /* Project object */ = {
			isa = PBXProject;
			attributes = {
				LastSwiftUpdateCheck = 0810;
				LastUpgradeCheck = 0820;
				ORGANIZATIONNAME = "Michael Doroff";
				TargetAttributes = {
					924D982D1DDFB8C700944B9C = {
						CreatedOnToolsVersion = 8.1;
						DevelopmentTeam = 59246CF2XH;
						ProvisioningStyle = Automatic;
					};
					924D98411DDFB8C800944B9C = {
						CreatedOnToolsVersion = 8.1;
						ProvisioningStyle = Automatic;
						TestTargetID = 924D982D1DDFB8C700944B9C;
					};
					924D984C1DDFB8C800944B9C = {
						CreatedOnToolsVersion = 8.1;
						ProvisioningStyle = Automatic;
						TestTargetID = 924D982D1DDFB8C700944B9C;
					};
				};
			};
			buildConfigurationList = 924D98291DDFB8C700944B9C /* Build configuration list for PBXProject "Meme Me V1.0" */;
			compatibilityVersion = "Xcode 3.2";
			developmentRegion = English;
			hasScannedForEncodings = 0;
			knownRegions = (
				en,
				Base,
			);
			mainGroup = 924D98251DDFB8C700944B9C;
			productRefGroup = 924D982F1DDFB8C800944B9C /* Products */;
			projectDirPath = "";
			projectRoot = "";
			targets = (
				924D982D1DDFB8C700944B9C /* Meme Me V1.0 */,
				924D98411DDFB8C800944B9C /* Meme Me V1.0Tests */,
				924D984C1DDFB8C800944B9C /* Meme Me V1.0UITests */,
			);
		};
/* End PBXProject section */

/* Begin PBXResourcesBuildPhase section */
		924D982C1DDFB8C700944B9C /* Resources */ = {
			isa = PBXResourcesBuildPhase;
			buildActionMask = 2147483647;
			files = (
				924D983C1DDFB8C800944B9C /* LaunchScreen.storyboard in Resources */,
				924D98391DDFB8C800944B9C /* Assets.xcassets in Resources */,
				924D98371DDFB8C800944B9C /* Main.storyboard in Resources */,
			);
			runOnlyForDeploymentPostprocessing = 0;
		};
		924D98401DDFB8C800944B9C /* Resources */ = {
			isa = PBXResourcesBuildPhase;
			buildActionMask = 2147483647;
			files = (
			);
			runOnlyForDeploymentPostprocessing = 0;
		};
		924D984B1DDFB8C800944B9C /* Resources */ = {
			isa = PBXResourcesBuildPhase;
			buildActionMask = 2147483647;
			files = (
			);
			runOnlyForDeploymentPostprocessing = 0;
		};
/* End PBXResourcesBuildPhase section */

/* Begin PBXSourcesBuildPhase section */
		924D982A1DDFB8C700944B9C /* Sources */ = {
			isa = PBXSourcesBuildPhase;
			buildActionMask = 2147483647;
			files = (
				924D98611DE20EB400944B9C /* TextFieldDelegateClasses.swift in Sources */,
				924D98341DDFB8C800944B9C /* ViewController.swift in Sources */,
				929D0A251E21684000AD4060 /* MemeCollectionViewController.swift in Sources */,
				929D0A271E2173F400AD4060 /* MemeTableViewController.swift in Sources */,
				929D0A2D1E25AF7000AD4060 /* MemeCollectionViewCell.swift in Sources */,
				924D98321DDFB8C800944B9C /* AppDelegate.swift in Sources */,
				928756671DF46EC000EA1023 /* MemeModel.swift in Sources */,
			);
			runOnlyForDeploymentPostprocessing = 0;
		};
		924D983E1DDFB8C800944B9C /* Sources */ = {
			isa = PBXSourcesBuildPhase;
			buildActionMask = 2147483647;
			files = (
				924D98471DDFB8C800944B9C /* Meme_Me_V1_0Tests.swift in Sources */,
			);
			runOnlyForDeploymentPostprocessing = 0;
		};
		924D98491DDFB8C800944B9C /* Sources */ = {
			isa = PBXSourcesBuildPhase;
			buildActionMask = 2147483647;
			files = (
				924D98521DDFB8C800944B9C /* Meme_Me_V1_0UITests.swift in Sources */,
			);
			runOnlyForDeploymentPostprocessing = 0;
		};
/* End PBXSourcesBuildPhase section */

/* Begin PBXTargetDependency section */
		924D98441DDFB8C800944B9C /* PBXTargetDependency */ = {
			isa = PBXTargetDependency;
			target = 924D982D1DDFB8C700944B9C /* Meme Me V1.0 */;
			targetProxy = 924D98431DDFB8C800944B9C /* PBXContainerItemProxy */;
		};
		924D984F1DDFB8C800944B9C /* PBXTargetDependency */ = {
			isa = PBXTargetDependency;
			target = 924D982D1DDFB8C700944B9C /* Meme Me V1.0 */;
			targetProxy = 924D984E1DDFB8C800944B9C /* PBXContainerItemProxy */;
		};
/* End PBXTargetDependency section */

/* Begin PBXVariantGroup section */
		924D98351DDFB8C800944B9C /* Main.storyboard */ = {
			isa = PBXVariantGroup;
			children = (
				924D98361DDFB8C800944B9C /* Base */,
			);
			name = Main.storyboard;
			sourceTree = "<group>";
		};
		924D983A1DDFB8C800944B9C /* LaunchScreen.storyboard */ = {
			isa = PBXVariantGroup;
			children = (
				924D983B1DDFB8C800944B9C /* Base */,
			);
			name = LaunchScreen.storyboard;
			sourceTree = "<group>";
		};
/* End PBXVariantGroup section */

/* Begin XCBuildConfiguration section */
		924D98541DDFB8C800944B9C /* Debug */ = {
			isa = XCBuildConfiguration;
			buildSettings = {
				ALWAYS_SEARCH_USER_PATHS = NO;
				CLANG_ANALYZER_NONNULL = YES;
				CLANG_CXX_LANGUAGE_STANDARD = "gnu++0x";
				CLANG_CXX_LIBRARY = "libc++";
				CLANG_ENABLE_MODULES = YES;
				CLANG_ENABLE_OBJC_ARC = YES;
				CLANG_WARN_BOOL_CONVERSION = YES;
				CLANG_WARN_CONSTANT_CONVERSION = YES;
				CLANG_WARN_DIRECT_OBJC_ISA_USAGE = YES_ERROR;
				CLANG_WARN_DOCUMENTATION_COMMENTS = YES;
				CLANG_WARN_EMPTY_BODY = YES;
				CLANG_WARN_ENUM_CONVERSION = YES;
				CLANG_WARN_INFINITE_RECURSION = YES;
				CLANG_WARN_INT_CONVERSION = YES;
				CLANG_WARN_OBJC_ROOT_CLASS = YES_ERROR;
				CLANG_WARN_SUSPICIOUS_MOVE = YES;
				CLANG_WARN_SUSPICIOUS_MOVES = YES;
				CLANG_WARN_UNREACHABLE_CODE = YES;
				CLANG_WARN__DUPLICATE_METHOD_MATCH = YES;
				"CODE_SIGN_IDENTITY[sdk=iphoneos*]" = "iPhone Developer";
				COPY_PHASE_STRIP = NO;
				DEBUG_INFORMATION_FORMAT = dwarf;
				ENABLE_STRICT_OBJC_MSGSEND = YES;
				ENABLE_TESTABILITY = YES;
				GCC_C_LANGUAGE_STANDARD = gnu99;
				GCC_DYNAMIC_NO_PIC = NO;
				GCC_NO_COMMON_BLOCKS = YES;
				GCC_OPTIMIZATION_LEVEL = 0;
				GCC_PREPROCESSOR_DEFINITIONS = (
					"DEBUG=1",
					"$(inherited)",
				);
				GCC_WARN_64_TO_32_BIT_CONVERSION = YES;
				GCC_WARN_ABOUT_RETURN_TYPE = YES_ERROR;
				GCC_WARN_UNDECLARED_SELECTOR = YES;
				GCC_WARN_UNINITIALIZED_AUTOS = YES_AGGRESSIVE;
				GCC_WARN_UNUSED_FUNCTION = YES;
				GCC_WARN_UNUSED_VARIABLE = YES;
				IPHONEOS_DEPLOYMENT_TARGET = 10.1;
				MTL_ENABLE_DEBUG_INFO = YES;
				ONLY_ACTIVE_ARCH = YES;
				SDKROOT = iphoneos;
				SWIFT_ACTIVE_COMPILATION_CONDITIONS = DEBUG;
				SWIFT_OPTIMIZATION_LEVEL = "-Onone";
			};
			name = Debug;
		};
		924D98551DDFB8C800944B9C /* Release */ = {
			isa = XCBuildConfiguration;
			buildSettings = {
				ALWAYS_SEARCH_USER_PATHS = NO;
				CLANG_ANALYZER_NONNULL = YES;
				CLANG_CXX_LANGUAGE_STANDARD = "gnu++0x";
				CLANG_CXX_LIBRARY = "libc++";
				CLANG_ENABLE_MODULES = YES;
				CLANG_ENABLE_OBJC_ARC = YES;
				CLANG_WARN_BOOL_CONVERSION = YES;
				CLANG_WARN_CONSTANT_CONVERSION = YES;
				CLANG_WARN_DIRECT_OBJC_ISA_USAGE = YES_ERROR;
				CLANG_WARN_DOCUMENTATION_COMMENTS = YES;
				CLANG_WARN_EMPTY_BODY = YES;
				CLANG_WARN_ENUM_CONVERSION = YES;
				CLANG_WARN_INFINITE_RECURSION = YES;
				CLANG_WARN_INT_CONVERSION = YES;
				CLANG_WARN_OBJC_ROOT_CLASS = YES_ERROR;
				CLANG_WARN_SUSPICIOUS_MOVE = YES;
				CLANG_WARN_SUSPICIOUS_MOVES = YES;
				CLANG_WARN_UNREACHABLE_CODE = YES;
				CLANG_WARN__DUPLICATE_METHOD_MATCH = YES;
				"CODE_SIGN_IDENTITY[sdk=iphoneos*]" = "iPhone Developer";
				COPY_PHASE_STRIP = NO;
				DEBUG_INFORMATION_FORMAT = "dwarf-with-dsym";
				ENABLE_NS_ASSERTIONS = NO;
				ENABLE_STRICT_OBJC_MSGSEND = YES;
				GCC_C_LANGUAGE_STANDARD = gnu99;
				GCC_NO_COMMON_BLOCKS = YES;
				GCC_WARN_64_TO_32_BIT_CONVERSION = YES;
				GCC_WARN_ABOUT_RETURN_TYPE = YES_ERROR;
				GCC_WARN_UNDECLARED_SELECTOR = YES;
				GCC_WARN_UNINITIALIZED_AUTOS = YES_AGGRESSIVE;
				GCC_WARN_UNUSED_FUNCTION = YES;
				GCC_WARN_UNUSED_VARIABLE = YES;
				IPHONEOS_DEPLOYMENT_TARGET = 10.1;
				MTL_ENABLE_DEBUG_INFO = NO;
				SDKROOT = iphoneos;
				SWIFT_OPTIMIZATION_LEVEL = "-Owholemodule";
				VALIDATE_PRODUCT = YES;
			};
			name = Release;
		};
		924D98571DDFB8C800944B9C /* Debug */ = {
			isa = XCBuildConfiguration;
			buildSettings = {
				ASSETCATALOG_COMPILER_APPICON_NAME = AppIcon;
				DEVELOPMENT_TEAM = 59246CF2XH;
				INFOPLIST_FILE = "Meme Me V1.0/Info.plist";
				LD_RUNPATH_SEARCH_PATHS = "$(inherited) @executable_path/Frameworks";
				PRODUCT_BUNDLE_IDENTIFIER = "FLEC.Meme-Me-V1-0";
				PRODUCT_NAME = "$(TARGET_NAME)";
				SWIFT_VERSION = 3.0;
			};
			name = Debug;
		};
		924D98581DDFB8C800944B9C /* Release */ = {
			isa = XCBuildConfiguration;
			buildSettings = {
				ASSETCATALOG_COMPILER_APPICON_NAME = AppIcon;
				DEVELOPMENT_TEAM = 59246CF2XH;
				INFOPLIST_FILE = "Meme Me V1.0/Info.plist";
				LD_RUNPATH_SEARCH_PATHS = "$(inherited) @executable_path/Frameworks";
				PRODUCT_BUNDLE_IDENTIFIER = "FLEC.Meme-Me-V1-0";
				PRODUCT_NAME = "$(TARGET_NAME)";
				SWIFT_VERSION = 3.0;
			};
			name = Release;
		};
		924D985A1DDFB8C800944B9C /* Debug */ = {
			isa = XCBuildConfiguration;
			buildSettings = {
				ALWAYS_EMBED_SWIFT_STANDARD_LIBRARIES = YES;
				BUNDLE_LOADER = "$(TEST_HOST)";
				INFOPLIST_FILE = "Meme Me V1.0Tests/Info.plist";
				LD_RUNPATH_SEARCH_PATHS = "$(inherited) @executable_path/Frameworks @loader_path/Frameworks";
				PRODUCT_BUNDLE_IDENTIFIER = "FLEC.Meme-Me-V1-0Tests";
				PRODUCT_NAME = "$(TARGET_NAME)";
				SWIFT_VERSION = 3.0;
				TEST_HOST = "$(BUILT_PRODUCTS_DIR)/Meme Me V1.0.app/Meme Me V1.0";
			};
			name = Debug;
		};
		924D985B1DDFB8C800944B9C /* Release */ = {
			isa = XCBuildConfiguration;
			buildSettings = {
				ALWAYS_EMBED_SWIFT_STANDARD_LIBRARIES = YES;
				BUNDLE_LOADER = "$(TEST_HOST)";
				INFOPLIST_FILE = "Meme Me V1.0Tests/Info.plist";
				LD_RUNPATH_SEARCH_PATHS = "$(inherited) @executable_path/Frameworks @loader_path/Frameworks";
				PRODUCT_BUNDLE_IDENTIFIER = "FLEC.Meme-Me-V1-0Tests";
				PRODUCT_NAME = "$(TARGET_NAME)";
				SWIFT_VERSION = 3.0;
				TEST_HOST = "$(BUILT_PRODUCTS_DIR)/Meme Me V1.0.app/Meme Me V1.0";
			};
			name = Release;
		};
		924D985D1DDFB8C800944B9C /* Debug */ = {
			isa = XCBuildConfiguration;
			buildSettings = {
				ALWAYS_EMBED_SWIFT_STANDARD_LIBRARIES = YES;
				INFOPLIST_FILE = "Meme Me V1.0UITests/Info.plist";
				LD_RUNPATH_SEARCH_PATHS = "$(inherited) @executable_path/Frameworks @loader_path/Frameworks";
				PRODUCT_BUNDLE_IDENTIFIER = "FLEC.Meme-Me-V1-0UITests";
				PRODUCT_NAME = "$(TARGET_NAME)";
				SWIFT_VERSION = 3.0;
				TEST_TARGET_NAME = "Meme Me V1.0";
			};
			name = Debug;
		};
		924D985E1DDFB8C800944B9C /* Release */ = {
			isa = XCBuildConfiguration;
			buildSettings = {
				ALWAYS_EMBED_SWIFT_STANDARD_LIBRARIES = YES;
				INFOPLIST_FILE = "Meme Me V1.0UITests/Info.plist";
				LD_RUNPATH_SEARCH_PATHS = "$(inherited) @executable_path/Frameworks @loader_path/Frameworks";
				PRODUCT_BUNDLE_IDENTIFIER = "FLEC.Meme-Me-V1-0UITests";
				PRODUCT_NAME = "$(TARGET_NAME)";
				SWIFT_VERSION = 3.0;
				TEST_TARGET_NAME = "Meme Me V1.0";
			};
			name = Release;
		};
/* End XCBuildConfiguration section */

/* Begin XCConfigurationList section */
		924D98291DDFB8C700944B9C /* Build configuration list for PBXProject "Meme Me V1.0" */ = {
			isa = XCConfigurationList;
			buildConfigurations = (
				924D98541DDFB8C800944B9C /* Debug */,
				924D98551DDFB8C800944B9C /* Release */,
			);
			defaultConfigurationIsVisible = 0;
			defaultConfigurationName = Release;
		};
		924D98561DDFB8C800944B9C /* Build configuration list for PBXNativeTarget "Meme Me V1.0" */ = {
			isa = XCConfigurationList;
			buildConfigurations = (
				924D98571DDFB8C800944B9C /* Debug */,
				924D98581DDFB8C800944B9C /* Release */,
			);
			defaultConfigurationIsVisible = 0;
			defaultConfigurationName = Release;
		};
		924D98591DDFB8C800944B9C /* Build configuration list for PBXNativeTarget "Meme Me V1.0Tests" */ = {
			isa = XCConfigurationList;
			buildConfigurations = (
				924D985A1DDFB8C800944B9C /* Debug */,
				924D985B1DDFB8C800944B9C /* Release */,
			);
			defaultConfigurationIsVisible = 0;
			defaultConfigurationName = Release;
		};
		924D985C1DDFB8C800944B9C /* Build configuration list for PBXNativeTarget "Meme Me V1.0UITests" */ = {
			isa = XCConfigurationList;
			buildConfigurations = (
				924D985D1DDFB8C800944B9C /* Debug */,
				924D985E1DDFB8C800944B9C /* Release */,
			);
			defaultConfigurationIsVisible = 0;
			defaultConfigurationName = Release;
		};
/* End XCConfigurationList section */
	};
	rootObject = 924D98261DDFB8C700944B9C /* Project object */;
}
